
Microsoft Visual Studio Solution File, Format Version 12.00
Project("{FAE04EC0-301F-11D3-BF4B-00C04F79EFBC}") = "TruVideoVideoAndroidBinding", "TruVideoVideoAndroidBinding\TruVideoVideoAndroidBinding.csproj", "{17587BF8-2564-4D3D-87FD-38028B37C146}"
EndProject
Global
	GlobalSection(SolutionConfigurationPlatforms) = preSolution
		Debug|Any CPU = Debug|Any CPU
		Release|Any CPU = Release|Any CPU
	EndGlobalSection
	GlobalSection(ProjectConfigurationPlatforms) = postSolution
		{17587BF8-2564-4D3D-87FD-38028B37C146}.Debug|Any CPU.ActiveCfg = Debug|Any CPU
		{17587BF8-2564-4D3D-87FD-38028B37C146}.Debug|Any CPU.Build.0 = Debug|Any CPU
		{17587BF8-2564-4D3D-87FD-38028B37C146}.Release|Any CPU.ActiveCfg = Release|Any CPU
		{17587BF8-2564-4D3D-87FD-38028B37C146}.Release|Any CPU.Build.0 = Release|Any CPU
	EndGlobalSection
EndGlobal
